
Microsoft Visual Studio Solution File, Format Version 12.00
# Visual Studio Version 17
VisualStudioVersion = 17.0.31912.275
MinimumVisualStudioVersion = 10.0.40219.1
Project("{2150E333-8FDC-42A3-9474-1A3956D46DE8}") = "MySql", "MySql", "{6DA9AEE3-EDB1-406D-A6E1-96CC2C53E884}"
EndProject
Project("{2150E333-8FDC-42A3-9474-1A3956D46DE8}") = "SqlServer", "SqlServer", "{D475D144-9849-4E9D-AF29-32B430B9F9D8}"
EndProject
Project("{9A19103F-16F7-4668-BE54-9A1E7A4F7556}") = "CL.Sinks.MySql", "MySql\CL.Sinks.MySql\CL.Sinks.MySql.csproj", "{8D76EA9C-E763-4BCC-81D8-4A7B6146CA24}"
EndProject
Project("{9A19103F-16F7-4668-BE54-9A1E7A4F7556}") = "CL.Sinks.MySql.Backup", "MySql\CL.Sinks.MySql.Backup\CL.Sinks.MySql.Backup.csproj", "{9723F06C-A171-4B8D-9AD8-AF85EBF82FA6}"
EndProject
Project("{9A19103F-16F7-4668-BE54-9A1E7A4F7556}") = "CL.Sinks.SqlServer", "SqlServer\CL.Sinks.SqlServer\CL.Sinks.SqlServer.csproj", "{DA158031-3C84-488A-BABE-38D537CFA298}"
EndProject
Project("{9A19103F-16F7-4668-BE54-9A1E7A4F7556}") = "CL.Sinks.Common", "CL.Sinks.Common\CL.Sinks.Common.csproj", "{CA161DE9-D9ED-4029-9CFF-819722CDFC09}"
EndProject
Project("{9A19103F-16F7-4668-BE54-9A1E7A4F7556}") = "CL.Sinks.MySql.Backup.MySqlConnector", "MySql\CL.Sinks.MySql.Backup.MySqlConnector\CL.Sinks.MySql.Backup.MySqlConnector.csproj", "{8169E729-8BA0-4121-A480-E744BE12BA51}"
EndProject
Project("{2150E333-8FDC-42A3-9474-1A3956D46DE8}") = "Demos", "Demos", "{E3D90D9B-C1F1-46C9-B18B-A6E25C6A1988}"
EndProject
Project("{FAE04EC0-301F-11D3-BF4B-00C04F79EFBC}") = "CL.Sinks.MySql.Demo", "Samples\CL.Sinks.MySql.Demo\CL.Sinks.MySql.Demo.csproj", "{4B1FFA52-BF84-4AA5-BB67-5F3C2C1B8D1F}"
EndProject
Project("{FAE04EC0-301F-11D3-BF4B-00C04F79EFBC}") = "CL.Sinks.SqlServer.Demo", "Samples\CL.Sinks.SqlServer.Demo\CL.Sinks.SqlServer.Demo.csproj", "{BDC4C0B1-AAB5-4C96-ABE5-BFB2358AAFBB}"
EndProject
Project("{FAE04EC0-301F-11D3-BF4B-00C04F79EFBC}") = "CL.Sinks.MySql.Backup.Demo", "Samples\CL.Sinks.MySql.Backup.Demo\CL.Sinks.MySql.Backup.Demo.csproj", "{036E7342-96FF-44AC-A7C6-02FADAA186CA}"
EndProject
Project("{2150E333-8FDC-42A3-9474-1A3956D46DE8}") = "PostgreSQL", "PostgreSQL", "{9BCF5AC3-D98E-4147-99CC-36D04EEC6118}"
EndProject
Project("{FAE04EC0-301F-11D3-BF4B-00C04F79EFBC}") = "CL.Sinks.PostgreSQL", "PostgreSQL\CL.Sinks.PostgreSQL\CL.Sinks.PostgreSQL.csproj", "{961BAEA0-F645-4C18-81BB-209A40E33572}"
EndProject
Project("{FAE04EC0-301F-11D3-BF4B-00C04F79EFBC}") = "CL.Sinks.PostgreSQL.Demo", "Samples\CL.Sinks.PostgreSQL.Demo\CL.Sinks.PostgreSQL.Demo.csproj", "{9A99A403-E6FD-4431-BEC8-F00C0BA753A2}"
EndProject
Global
	GlobalSection(SolutionConfigurationPlatforms) = preSolution
		Debug|Any CPU = Debug|Any CPU
		Release|Any CPU = Release|Any CPU
	EndGlobalSection
	GlobalSection(ProjectConfigurationPlatforms) = postSolution
		{8D76EA9C-E763-4BCC-81D8-4A7B6146CA24}.Debug|Any CPU.ActiveCfg = Debug|Any CPU
		{8D76EA9C-E763-4BCC-81D8-4A7B6146CA24}.Debug|Any CPU.Build.0 = Debug|Any CPU
		{8D76EA9C-E763-4BCC-81D8-4A7B6146CA24}.Release|Any CPU.ActiveCfg = Release|Any CPU
		{8D76EA9C-E763-4BCC-81D8-4A7B6146CA24}.Release|Any CPU.Build.0 = Release|Any CPU
		{9723F06C-A171-4B8D-9AD8-AF85EBF82FA6}.Debug|Any CPU.ActiveCfg = Debug|Any CPU
		{9723F06C-A171-4B8D-9AD8-AF85EBF82FA6}.Debug|Any CPU.Build.0 = Debug|Any CPU
		{9723F06C-A171-4B8D-9AD8-AF85EBF82FA6}.Release|Any CPU.ActiveCfg = Release|Any CPU
		{9723F06C-A171-4B8D-9AD8-AF85EBF82FA6}.Release|Any CPU.Build.0 = Release|Any CPU
		{DA158031-3C84-488A-BABE-38D537CFA298}.Debug|Any CPU.ActiveCfg = Debug|Any CPU
		{DA158031-3C84-488A-BABE-38D537CFA298}.Debug|Any CPU.Build.0 = Debug|Any CPU
		{DA158031-3C84-488A-BABE-38D537CFA298}.Release|Any CPU.ActiveCfg = Release|Any CPU
		{DA158031-3C84-488A-BABE-38D537CFA298}.Release|Any CPU.Build.0 = Release|Any CPU
		{CA161DE9-D9ED-4029-9CFF-819722CDFC09}.Debug|Any CPU.ActiveCfg = Debug|Any CPU
		{CA161DE9-D9ED-4029-9CFF-819722CDFC09}.Debug|Any CPU.Build.0 = Debug|Any CPU
		{CA161DE9-D9ED-4029-9CFF-819722CDFC09}.Release|Any CPU.ActiveCfg = Release|Any CPU
		{CA161DE9-D9ED-4029-9CFF-819722CDFC09}.Release|Any CPU.Build.0 = Release|Any CPU
		{8169E729-8BA0-4121-A480-E744BE12BA51}.Debug|Any CPU.ActiveCfg = Debug|Any CPU
		{8169E729-8BA0-4121-A480-E744BE12BA51}.Debug|Any CPU.Build.0 = Debug|Any CPU
		{8169E729-8BA0-4121-A480-E744BE12BA51}.Release|Any CPU.ActiveCfg = Release|Any CPU
		{8169E729-8BA0-4121-A480-E744BE12BA51}.Release|Any CPU.Build.0 = Release|Any CPU
		{4B1FFA52-BF84-4AA5-BB67-5F3C2C1B8D1F}.Debug|Any CPU.ActiveCfg = Debug|Any CPU
		{4B1FFA52-BF84-4AA5-BB67-5F3C2C1B8D1F}.Debug|Any CPU.Build.0 = Debug|Any CPU
		{4B1FFA52-BF84-4AA5-BB67-5F3C2C1B8D1F}.Release|Any CPU.ActiveCfg = Release|Any CPU
		{4B1FFA52-BF84-4AA5-BB67-5F3C2C1B8D1F}.Release|Any CPU.Build.0 = Release|Any CPU
		{BDC4C0B1-AAB5-4C96-ABE5-BFB2358AAFBB}.Debug|Any CPU.ActiveCfg = Debug|Any CPU
		{BDC4C0B1-AAB5-4C96-ABE5-BFB2358AAFBB}.Debug|Any CPU.Build.0 = Debug|Any CPU
		{BDC4C0B1-AAB5-4C96-ABE5-BFB2358AAFBB}.Release|Any CPU.ActiveCfg = Release|Any CPU
		{BDC4C0B1-AAB5-4C96-ABE5-BFB2358AAFBB}.Release|Any CPU.Build.0 = Release|Any CPU
		{036E7342-96FF-44AC-A7C6-02FADAA186CA}.Debug|Any CPU.ActiveCfg = Debug|Any CPU
		{036E7342-96FF-44AC-A7C6-02FADAA186CA}.Debug|Any CPU.Build.0 = Debug|Any CPU
		{036E7342-96FF-44AC-A7C6-02FADAA186CA}.Release|Any CPU.ActiveCfg = Release|Any CPU
		{036E7342-96FF-44AC-A7C6-02FADAA186CA}.Release|Any CPU.Build.0 = Release|Any CPU
		{961BAEA0-F645-4C18-81BB-209A40E33572}.Debug|Any CPU.ActiveCfg = Debug|Any CPU
		{961BAEA0-F645-4C18-81BB-209A40E33572}.Debug|Any CPU.Build.0 = Debug|Any CPU
		{961BAEA0-F645-4C18-81BB-209A40E33572}.Release|Any CPU.ActiveCfg = Release|Any CPU
		{961BAEA0-F645-4C18-81BB-209A40E33572}.Release|Any CPU.Build.0 = Release|Any CPU
		{9A99A403-E6FD-4431-BEC8-F00C0BA753A2}.Debug|Any CPU.ActiveCfg = Debug|Any CPU
		{9A99A403-E6FD-4431-BEC8-F00C0BA753A2}.Debug|Any CPU.Build.0 = Debug|Any CPU
		{9A99A403-E6FD-4431-BEC8-F00C0BA753A2}.Release|Any CPU.ActiveCfg = Release|Any CPU
		{9A99A403-E6FD-4431-BEC8-F00C0BA753A2}.Release|Any CPU.Build.0 = Release|Any CPU
	EndGlobalSection
	GlobalSection(SolutionProperties) = preSolution
		HideSolutionNode = FALSE
	EndGlobalSection
	GlobalSection(NestedProjects) = preSolution
		{8D76EA9C-E763-4BCC-81D8-4A7B6146CA24} = {6DA9AEE3-EDB1-406D-A6E1-96CC2C53E884}
		{9723F06C-A171-4B8D-9AD8-AF85EBF82FA6} = {6DA9AEE3-EDB1-406D-A6E1-96CC2C53E884}
		{DA158031-3C84-488A-BABE-38D537CFA298} = {D475D144-9849-4E9D-AF29-32B430B9F9D8}
		{8169E729-8BA0-4121-A480-E744BE12BA51} = {6DA9AEE3-EDB1-406D-A6E1-96CC2C53E884}
		{4B1FFA52-BF84-4AA5-BB67-5F3C2C1B8D1F} = {E3D90D9B-C1F1-46C9-B18B-A6E25C6A1988}
		{BDC4C0B1-AAB5-4C96-ABE5-BFB2358AAFBB} = {E3D90D9B-C1F1-46C9-B18B-A6E25C6A1988}
		{036E7342-96FF-44AC-A7C6-02FADAA186CA} = {E3D90D9B-C1F1-46C9-B18B-A6E25C6A1988}
		{961BAEA0-F645-4C18-81BB-209A40E33572} = {9BCF5AC3-D98E-4147-99CC-36D04EEC6118}
		{9A99A403-E6FD-4431-BEC8-F00C0BA753A2} = {E3D90D9B-C1F1-46C9-B18B-A6E25C6A1988}
	EndGlobalSection
	GlobalSection(ExtensibilityGlobals) = postSolution
		SolutionGuid = {BBAFB8DB-1C92-4738-BCBA-2FBD65417DF2}
	EndGlobalSection
EndGlobal
